github.com/heucuva/go-win32 v1.0.1 h1:4v+y2cOTXDfSznYKen4wVNqjgbopsLaI24OoeoC0ZhY=
github.com/heucuva/go-win32 v1.0.1/go.mod h1:Wc7+58hEgkWmn+sQSZLqkiQVKQ+mijJKI5yWnKBEa7s=
github.com/heucuva/go-winmm v1.0.1 h1:UtFTpdfpLkDPwQ+V59JQ6Nh7RfX+zNxzUOgEHByxZvo=
github.com/heucuva/go-winmm v1.0.1/go.mod h1:aKtUYw1P2q5I8qb0tlTcv/NmF9o7tk2GcTvgZnRAznY=
golang.org/x/sys v0.16.0 h1:xWw16ngr6ZMtmxDyKyIgsE93KNKz5HKmMa3b8ALHidU=
golang.org/x/sys v0.16.0/go.mod h1:/VUhepiaJMQUp4+oa/7Zr1D23ma6VTLIYjOOTFZPUcA=
